
Microsoft Visual Studio Solution File, Format Version 12.00
# Visual Studio Version 17
VisualStudioVersion = 17.4.33205.214
MinimumVisualStudioVersion = 10.0.40219.1
Project("{FAE04EC0-301F-11D3-BF4B-00C04F79EFBC}") = "CabinvoiceGenrator", "CabinvoiceGenrator\CabinvoiceGenrator.csproj", "{4EE5B58F-8863-40D2-AD4B-4B97DFCC35BA}"
EndProject
Project("{FAE04EC0-301F-11D3-BF4B-00C04F79EFBC}") = "CabInvoiceGenraterTest", "CabInvoiceGenraterTest\CabInvoiceGenraterTest.csproj", "{6A1CD076-A59E-491D-8EE5-E426FC697D5A}"
EndProject
Global
	GlobalSection(SolutionConfigurationPlatforms) = preSolution
		Debug|Any CPU = Debug|Any CPU
		Release|Any CPU = Release|Any CPU
	EndGlobalSection
	GlobalSection(ProjectConfigurationPlatforms) = postSolution
		{4EE5B58F-8863-40D2-AD4B-4B97DFCC35BA}.Debug|Any CPU.ActiveCfg = Debug|Any CPU
		{4EE5B58F-8863-40D2-AD4B-4B97DFCC35BA}.Debug|Any CPU.Build.0 = Debug|Any CPU
		{4EE5B58F-8863-40D2-AD4B-4B97DFCC35BA}.Release|Any CPU.ActiveCfg = Release|Any CPU
		{4EE5B58F-8863-40D2-AD4B-4B97DFCC35BA}.Release|Any CPU.Build.0 = Release|Any CPU
		{6A1CD076-A59E-491D-8EE5-E426FC697D5A}.Debug|Any CPU.ActiveCfg = Debug|Any CPU
		{6A1CD076-A59E-491D-8EE5-E426FC697D5A}.Debug|Any CPU.Build.0 = Debug|Any CPU
		{6A1CD076-A59E-491D-8EE5-E426FC697D5A}.Release|Any CPU.ActiveCfg = Release|Any CPU
		{6A1CD076-A59E-491D-8EE5-E426FC697D5A}.Release|Any CPU.Build.0 = Release|Any CPU
	EndGlobalSection
	GlobalSection(SolutionProperties) = preSolution
		HideSolutionNode = FALSE
	EndGlobalSection
	GlobalSection(ExtensibilityGlobals) = postSolution
		SolutionGuid = {5841512B-1C2E-44AE-955D-930B7C795524}
	EndGlobalSection
EndGlobal
